
Microsoft Visual Studio Solution File, Format Version 12.00
# Visual Studio Version 17
VisualStudioVersion = 17.14.36301.6
MinimumVisualStudioVersion = 10.0.40219.1
Project("{8BC9CEB8-8B4A-11D0-8D11-00A0C91BC942}") = "Program", "Program.vcxproj", "{B32C69A6-C8C4-4F38-9AEB-64F5360DBBE7}"
EndProject
Project("{8BC9CEB8-8B4A-11D0-8D11-00A0C91BC942}") = "Class1th (Single Linked List)", "..\Class1th (Single Linked List)\Class1th (Single Linked List).vcxproj", "{DE69AC4E-EE65-4573-B046-8DCE99F57395}"
EndProject
Project("{8BC9CEB8-8B4A-11D0-8D11-00A0C91BC942}") = "Class2th (Double Linked List)", "..\Class2th (Double Linked List)\Class2th (Double Linked List).vcxproj", "{4501A895-B3A3-4745-B99C-1BEDF3259F7F}"
EndProject
Project("{8BC9CEB8-8B4A-11D0-8D11-00A0C91BC942}") = "Class3th (Circle Linked List)", "..\Class3th (Circle Linked List)\Class3th (Circle Linked List).vcxproj", "{FD60AA1F-B872-449F-84CA-16F474200C1B}"
EndProject
Project("{8BC9CEB8-8B4A-11D0-8D11-00A0C91BC942}") = "Class4th (Vector)", "..\Class4th (Vector)\Class4th (Vector).vcxproj", "{1A5B08DB-F466-43D9-9D92-59D47FD251DD}"
EndProject
Project("{8BC9CEB8-8B4A-11D0-8D11-00A0C91BC942}") = "Class5th (Stack)", "..\Class5th (Stack)\Class5th (Stack).vcxproj", "{E33CDDE5-88E8-43EC-BFD3-8FCFCE3425DB}"
EndProject
Project("{8BC9CEB8-8B4A-11D0-8D11-00A0C91BC942}") = "Class6th (Linear Queue)", "..\Class6th (Linear Queue)\Class6th (Linear Queue).vcxproj", "{98ECC201-FF8B-4D0C-A98A-D5FF7F445DE0}"
EndProject
Project("{8BC9CEB8-8B4A-11D0-8D11-00A0C91BC942}") = "Class7th (Circle Queue)", "..\Class7th (Circle Queue)\Class7th (Circle Queue).vcxproj", "{7A13810C-92FF-4FED-901F-2E95369CA3E2}"
EndProject
Project("{8BC9CEB8-8B4A-11D0-8D11-00A0C91BC942}") = "Class8th (Priority Queue)", "..\Class8th (Priority Queue)\Class8th (Priority Queue).vcxproj", "{7ABE0489-62E7-4820-81B1-3C768ADE00D1}"
EndProject
Project("{8BC9CEB8-8B4A-11D0-8D11-00A0C91BC942}") = "Class9th (Hash Table)", "..\Class9th (Hash Table)\Class9th (Hash Table).vcxproj", "{2E0CE658-8503-4764-A76F-4ECCD4B5C541}"
EndProject
Global
	GlobalSection(SolutionConfigurationPlatforms) = preSolution
		Debug|x64 = Debug|x64
		Debug|x86 = Debug|x86
		Release|x64 = Release|x64
		Release|x86 = Release|x86
	EndGlobalSection
	GlobalSection(ProjectConfigurationPlatforms) = postSolution
		{B32C69A6-C8C4-4F38-9AEB-64F5360DBBE7}.Debug|x64.ActiveCfg = Debug|x64
		{B32C69A6-C8C4-4F38-9AEB-64F5360DBBE7}.Debug|x64.Build.0 = Debug|x64
		{B32C69A6-C8C4-4F38-9AEB-64F5360DBBE7}.Debug|x86.ActiveCfg = Debug|Win32
		{B32C69A6-C8C4-4F38-9AEB-64F5360DBBE7}.Debug|x86.Build.0 = Debug|Win32
		{B32C69A6-C8C4-4F38-9AEB-64F5360DBBE7}.Release|x64.ActiveCfg = Release|x64
		{B32C69A6-C8C4-4F38-9AEB-64F5360DBBE7}.Release|x64.Build.0 = Release|x64
		{B32C69A6-C8C4-4F38-9AEB-64F5360DBBE7}.Release|x86.ActiveCfg = Release|Win32
		{B32C69A6-C8C4-4F38-9AEB-64F5360DBBE7}.Release|x86.Build.0 = Release|Win32
		{DE69AC4E-EE65-4573-B046-8DCE99F57395}.Debug|x64.ActiveCfg = Debug|x64
		{DE69AC4E-EE65-4573-B046-8DCE99F57395}.Debug|x64.Build.0 = Debug|x64
		{DE69AC4E-EE65-4573-B046-8DCE99F57395}.Debug|x86.ActiveCfg = Debug|Win32
		{DE69AC4E-EE65-4573-B046-8DCE99F57395}.Debug|x86.Build.0 = Debug|Win32
		{DE69AC4E-EE65-4573-B046-8DCE99F57395}.Release|x64.ActiveCfg = Release|x64
		{DE69AC4E-EE65-4573-B046-8DCE99F57395}.Release|x64.Build.0 = Release|x64
		{DE69AC4E-EE65-4573-B046-8DCE99F57395}.Release|x86.ActiveCfg = Release|Win32
		{DE69AC4E-EE65-4573-B046-8DCE99F57395}.Release|x86.Build.0 = Release|Win32
		{4501A895-B3A3-4745-B99C-1BEDF3259F7F}.Debug|x64.ActiveCfg = Debug|x64
		{4501A895-B3A3-4745-B99C-1BEDF3259F7F}.Debug|x64.Build.0 = Debug|x64
		{4501A895-B3A3-4745-B99C-1BEDF3259F7F}.Debug|x86.ActiveCfg = Debug|Win32
		{4501A895-B3A3-4745-B99C-1BEDF3259F7F}.Debug|x86.Build.0 = Debug|Win32
		{4501A895-B3A3-4745-B99C-1BEDF3259F7F}.Release|x64.ActiveCfg = Release|x64
		{4501A895-B3A3-4745-B99C-1BEDF3259F7F}.Release|x64.Build.0 = Release|x64
		{4501A895-B3A3-4745-B99C-1BEDF3259F7F}.Release|x86.ActiveCfg = Release|Win32
		{4501A895-B3A3-4745-B99C-1BEDF3259F7F}.Release|x86.Build.0 = Release|Win32
		{FD60AA1F-B872-449F-84CA-16F474200C1B}.Debug|x64.ActiveCfg = Debug|x64
		{FD60AA1F-B872-449F-84CA-16F474200C1B}.Debug|x64.Build.0 = Debug|x64
		{FD60AA1F-B872-449F-84CA-16F474200C1B}.Debug|x86.ActiveCfg = Debug|Win32
		{FD60AA1F-B872-449F-84CA-16F474200C1B}.Debug|x86.Build.0 = Debug|Win32
		{FD60AA1F-B872-449F-84CA-16F474200C1B}.Release|x64.ActiveCfg = Release|x64
		{FD60AA1F-B872-449F-84CA-16F474200C1B}.Release|x64.Build.0 = Release|x64
		{FD60AA1F-B872-449F-84CA-16F474200C1B}.Release|x86.ActiveCfg = Release|Win32
		{FD60AA1F-B872-449F-84CA-16F474200C1B}.Release|x86.Build.0 = Release|Win32
		{1A5B08DB-F466-43D9-9D92-59D47FD251DD}.Debug|x64.ActiveCfg = Debug|x64
		{1A5B08DB-F466-43D9-9D92-59D47FD251DD}.Debug|x64.Build.0 = Debug|x64
		{1A5B08DB-F466-43D9-9D92-59D47FD251DD}.Debug|x86.ActiveCfg = Debug|Win32
		{1A5B08DB-F466-43D9-9D92-59D47FD251DD}.Debug|x86.Build.0 = Debug|Win32
		{1A5B08DB-F466-43D9-9D92-59D47FD251DD}.Release|x64.ActiveCfg = Release|x64
		{1A5B08DB-F466-43D9-9D92-59D47FD251DD}.Release|x64.Build.0 = Release|x64
		{1A5B08DB-F466-43D9-9D92-59D47FD251DD}.Release|x86.ActiveCfg = Release|Win32
		{1A5B08DB-F466-43D9-9D92-59D47FD251DD}.Release|x86.Build.0 = Release|Win32
		{E33CDDE5-88E8-43EC-BFD3-8FCFCE3425DB}.Debug|x64.ActiveCfg = Debug|x64
		{E33CDDE5-88E8-43EC-BFD3-8FCFCE3425DB}.Debug|x64.Build.0 = Debug|x64
		{E33CDDE5-88E8-43EC-BFD3-8FCFCE3425DB}.Debug|x86.ActiveCfg = Debug|Win32
		{E33CDDE5-88E8-43EC-BFD3-8FCFCE3425DB}.Debug|x86.Build.0 = Debug|Win32
		{E33CDDE5-88E8-43EC-BFD3-8FCFCE3425DB}.Release|x64.ActiveCfg = Release|x64
		{E33CDDE5-88E8-43EC-BFD3-8FCFCE3425DB}.Release|x64.Build.0 = Release|x64
		{E33CDDE5-88E8-43EC-BFD3-8FCFCE3425DB}.Release|x86.ActiveCfg = Release|Win32
		{E33CDDE5-88E8-43EC-BFD3-8FCFCE3425DB}.Release|x86.Build.0 = Release|Win32
		{98ECC201-FF8B-4D0C-A98A-D5FF7F445DE0}.Debug|x64.ActiveCfg = Debug|x64
		{98ECC201-FF8B-4D0C-A98A-D5FF7F445DE0}.Debug|x64.Build.0 = Debug|x64
		{98ECC201-FF8B-4D0C-A98A-D5FF7F445DE0}.Debug|x86.ActiveCfg = Debug|Win32
		{98ECC201-FF8B-4D0C-A98A-D5FF7F445DE0}.Debug|x86.Build.0 = Debug|Win32
		{98ECC201-FF8B-4D0C-A98A-D5FF7F445DE0}.Release|x64.ActiveCfg = Release|x64
		{98ECC201-FF8B-4D0C-A98A-D5FF7F445DE0}.Release|x64.Build.0 = Release|x64
		{98ECC201-FF8B-4D0C-A98A-D5FF7F445DE0}.Release|x86.ActiveCfg = Release|Win32
		{98ECC201-FF8B-4D0C-A98A-D5FF7F445DE0}.Release|x86.Build.0 = Release|Win32
		{7A13810C-92FF-4FED-901F-2E95369CA3E2}.Debug|x64.ActiveCfg = Debug|x64
		{7A13810C-92FF-4FED-901F-2E95369CA3E2}.Debug|x64.Build.0 = Debug|x64
		{7A13810C-92FF-4FED-901F-2E95369CA3E2}.Debug|x86.ActiveCfg = Debug|Win32
		{7A13810C-92FF-4FED-901F-2E95369CA3E2}.Debug|x86.Build.0 = Debug|Win32
		{7A13810C-92FF-4FED-901F-2E95369CA3E2}.Release|x64.ActiveCfg = Release|x64
		{7A13810C-92FF-4FED-901F-2E95369CA3E2}.Release|x64.Build.0 = Release|x64
		{7A13810C-92FF-4FED-901F-2E95369CA3E2}.Release|x86.ActiveCfg = Release|Win32
		{7A13810C-92FF-4FED-901F-2E95369CA3E2}.Release|x86.Build.0 = Release|Win32
		{7ABE0489-62E7-4820-81B1-3C768ADE00D1}.Debug|x64.ActiveCfg = Debug|x64
		{7ABE0489-62E7-4820-81B1-3C768ADE00D1}.Debug|x64.Build.0 = Debug|x64
		{7ABE0489-62E7-4820-81B1-3C768ADE00D1}.Debug|x86.ActiveCfg = Debug|Win32
		{7ABE0489-62E7-4820-81B1-3C768ADE00D1}.Debug|x86.Build.0 = Debug|Win32
		{7ABE0489-62E7-4820-81B1-3C768ADE00D1}.Release|x64.ActiveCfg = Release|x64
		{7ABE0489-62E7-4820-81B1-3C768ADE00D1}.Release|x64.Build.0 = Release|x64
		{7ABE0489-62E7-4820-81B1-3C768ADE00D1}.Release|x86.ActiveCfg = Release|Win32
		{7ABE0489-62E7-4820-81B1-3C768ADE00D1}.Release|x86.Build.0 = Release|Win32
		{2E0CE658-8503-4764-A76F-4ECCD4B5C541}.Debug|x64.ActiveCfg = Debug|x64
		{2E0CE658-8503-4764-A76F-4ECCD4B5C541}.Debug|x64.Build.0 = Debug|x64
		{2E0CE658-8503-4764-A76F-4ECCD4B5C541}.Debug|x86.ActiveCfg = Debug|Win32
		{2E0CE658-8503-4764-A76F-4ECCD4B5C541}.Debug|x86.Build.0 = Debug|Win32
		{2E0CE658-8503-4764-A76F-4ECCD4B5C541}.Release|x64.ActiveCfg = Release|x64
		{2E0CE658-8503-4764-A76F-4ECCD4B5C541}.Release|x64.Build.0 = Release|x64
		{2E0CE658-8503-4764-A76F-4ECCD4B5C541}.Release|x86.ActiveCfg = Release|Win32
		{2E0CE658-8503-4764-A76F-4ECCD4B5C541}.Release|x86.Build.0 = Release|Win32
	EndGlobalSection
	GlobalSection(SolutionProperties) = preSolution
		HideSolutionNode = FALSE
	EndGlobalSection
	GlobalSection(ExtensibilityGlobals) = postSolution
		SolutionGuid = {C21149A4-D8B0-4F00-8008-5BCA36A7CD47}
	EndGlobalSection
EndGlobal
